{
  "name": "nerdbord-js-weekly-challenge",
  "version": "1.0.0",
  "lockfileVersion": 2,
  "requires": true,
  "packages": {
    "": {
      "name": "nerdbord-js-weekly-challenge",
      "version": "1.0.0",
      "license": "ISC",
      "workspaces": [
        "challenges/*"
      ]
    },
    "challenges/s1-week-1": {
      "name": "week-1-challenge",
      "version": "1.0.0",
      "license": "ISC"
    },
    "challenges/s1-week-2": {
      "name": "week-2-challenge",
      "version": "1.0.0",
      "license": "ISC"
    },
    "challenges/s1-week-3": {
      "name": "week-3-challenge",
      "version": "1.0.0",
      "license": "ISC"
    },
    "challenges/s1-week-4": {
      "name": "week-4-challenge",
      "version": "1.0.0",
      "license": "ISC"
    },
    "challenges/s1-week-5": {
      "name": "week-5-challenge",
      "version": "1.0.0",
      "license": "ISC"
    },
    "challenges/s1-week-6": {
      "name": "week-6-challenge",
      "version": "1.0.0",
      "license": "ISC"
    },
    "challenges/s1-week-7": {
      "name": "week-7-challenge",
      "version": "1.0.0",
      "license": "ISC"
    },
    "challenges/s1-week-8": {
      "name": "week-8-challenge",
      "version": "1.0.0",
      "license": "ISC"
    },
    "challenges/s2-week-1": {
      "name": "s2-week-1-challenge",
      "version": "1.0.0",
      "license": "ISC"
    },
    "challenges/s2-week-2": {
      "name": "s2-week-2-challenge",
      "version": "1.0.0",
      "license": "ISC",
      "devDependencies": {
        "typescript": "^5.1.6"
      }
    },
    "node_modules/s2-week-1-challenge": {
      "resolved": "challenges/s2-week-1",
      "link": true
    },
    "node_modules/s2-week-2-challenge": {
      "resolved": "challenges/s2-week-2",
      "link": true
    },
    "node_modules/typescript": {
      "version": "5.1.6",
      "resolved": "https://registry.npmjs.org/typescript/-/typescript-5.1.6.tgz",
      "integrity": "sha512-zaWCozRZ6DLEWAWFrVDz1H6FVXzUSfTy5FUMWsQlU8Ym5JP9eO4xkTIROFCQvhQf61z6O/G6ugw3SgAnvvm+HA==",
      "dev": true,
      "bin": {
        "tsc": "bin/tsc",
        "tsserver": "bin/tsserver"
      },
      "engines": {
        "node": ">=14.17"
      }
    },
    "node_modules/week-1-challenge": {
      "resolved": "challenges/s1-week-1",
      "link": true
    },
    "node_modules/week-2-challenge": {
      "resolved": "challenges/s1-week-2",
      "link": true
    },
    "node_modules/week-3-challenge": {
      "resolved": "challenges/s1-week-3",
      "link": true
    },
    "node_modules/week-4-challenge": {
      "resolved": "challenges/s1-week-4",
      "link": true
    },
    "node_modules/week-5-challenge": {
      "resolved": "challenges/s1-week-5",
      "link": true
    },
    "node_modules/week-6-challenge": {
      "resolved": "challenges/s1-week-6",
      "link": true
    },
    "node_modules/week-7-challenge": {
      "resolved": "challenges/s1-week-7",
      "link": true
    },
    "node_modules/week-8-challenge": {
      "resolved": "challenges/s1-week-8",
      "link": true
    }
  },
  "dependencies": {
    "s2-week-1-challenge": {
      "version": "file:challenges/s2-week-1"
    },
    "s2-week-2-challenge": {
      "version": "file:challenges/s2-week-2",
      "requires": {
        "typescript": "*"
      }
    },
    "typescript": {
      "version": "5.1.6",
      "resolved": "https://registry.npmjs.org/typescript/-/typescript-5.1.6.tgz",
      "integrity": "sha512-zaWCozRZ6DLEWAWFrVDz1H6FVXzUSfTy5FUMWsQlU8Ym5JP9eO4xkTIROFCQvhQf61z6O/G6ugw3SgAnvvm+HA==",
      "dev": true
    },
    "week-1-challenge": {
      "version": "file:challenges/s1-week-1"
    },
    "week-2-challenge": {
      "version": "file:challenges/s1-week-2"
    },
    "week-3-challenge": {
      "version": "file:challenges/s1-week-3"
    },
    "week-4-challenge": {
      "version": "file:challenges/s1-week-4"
    },
    "week-5-challenge": {
      "version": "file:challenges/s1-week-5"
    },
    "week-6-challenge": {
      "version": "file:challenges/s1-week-6"
    },
    "week-7-challenge": {
      "version": "file:challenges/s1-week-7"
    },
    "week-8-challenge": {
      "version": "file:challenges/s1-week-8"
    }
  }
}
